
Microsoft Visual Studio Solution File, Format Version 12.00
# Visual Studio Version 17
VisualStudioVersion = 17.8.34330.188
MinimumVisualStudioVersion = 10.0.40219.1
Project("{FAE04EC0-301F-11D3-BF4B-00C04F79EFBC}") = "TeamSpart", "TeamSpart\TeamSpart.csproj", "{794669CC-D3CB-4B88-A125-748348C76F5B}"
EndProject
Global
	GlobalSection(SolutionConfigurationPlatforms) = preSolution
		Debug|Any CPU = Debug|Any CPU
		Release|Any CPU = Release|Any CPU
	EndGlobalSection
	GlobalSection(ProjectConfigurationPlatforms) = postSolution
		{794669CC-D3CB-4B88-A125-748348C76F5B}.Debug|Any CPU.ActiveCfg = Debug|Any CPU
		{794669CC-D3CB-4B88-A125-748348C76F5B}.Debug|Any CPU.Build.0 = Debug|Any CPU
		{794669CC-D3CB-4B88-A125-748348C76F5B}.Release|Any CPU.ActiveCfg = Release|Any CPU
		{794669CC-D3CB-4B88-A125-748348C76F5B}.Release|Any CPU.Build.0 = Release|Any CPU
	EndGlobalSection
	GlobalSection(SolutionProperties) = preSolution
		HideSolutionNode = FALSE
	EndGlobalSection
	GlobalSection(ExtensibilityGlobals) = postSolution
		SolutionGuid = {02CB6B39-2C07-49BD-8963-50C51FD9A980}
	EndGlobalSection
EndGlobal
